// !$*UTF8*$!
{
	archiveVersion = 1;
	classes = {
	};
	objectVersion = 56;
	objects = {

/* Begin PBXBuildFile section */
		E94BC7EC2AA9B3AC00F29DB3 /* Assets.xcassets in Resources */ = {isa = PBXBuildFile; fileRef = E94BC7EB2AA9B3AC00F29DB3 /* Assets.xcassets */; };
		E94BC7F02AA9B3AC00F29DB3 /* Preview Assets.xcassets in Resources */ = {isa = PBXBuildFile; fileRef = E94BC7EF2AA9B3AC00F29DB3 /* Preview Assets.xcassets */; };
		E95D01062AAAF64D0061E962 /* ModelData.swift in Sources */ = {isa = PBXBuildFile; fileRef = E95D01042AAAF64D0061E962 /* ModelData.swift */; };
		E95D010D2AAAF6A30061E962 /* ExerciseEditor.swift in Sources */ = {isa = PBXBuildFile; fileRef = E95D01082AAAF6A30061E962 /* ExerciseEditor.swift */; };
		E95D010E2AAAF6A30061E962 /* JornalUIView.swift in Sources */ = {isa = PBXBuildFile; fileRef = E95D01092AAAF6A30061E962 /* JornalUIView.swift */; };
		E95D010F2AAAF6A30061E962 /* ExerciseList.swift in Sources */ = {isa = PBXBuildFile; fileRef = E95D010A2AAAF6A30061E962 /* ExerciseList.swift */; };
		E95D01102AAAF6A30061E962 /* TrainingApp.swift in Sources */ = {isa = PBXBuildFile; fileRef = E95D010B2AAAF6A30061E962 /* TrainingApp.swift */; };
		E95D01142AAAF6DC0061E962 /* SetView.swift in Sources */ = {isa = PBXBuildFile; fileRef = E95D01122AAAF6DC0061E962 /* SetView.swift */; };
		E95D011A2AAAF8E30061E962 /* ContentView.swift in Sources */ = {isa = PBXBuildFile; fileRef = E95D01192AAAF8E30061E962 /* ContentView.swift */; };
		E96782122AB02F7B00F71D3A /* ModelHelper.swift in Sources */ = {isa = PBXBuildFile; fileRef = E96782112AB02F7B00F71D3A /* ModelHelper.swift */; };
		E97C694F2AAC66B400AD16F1 /* ChartView.swift in Sources */ = {isa = PBXBuildFile; fileRef = E97C694E2AAC66B400AD16F1 /* ChartView.swift */; };
		E98988CD2AAE142D00D9A1AE /* ChartControler.swift in Sources */ = {isa = PBXBuildFile; fileRef = E98988CC2AAE142D00D9A1AE /* ChartControler.swift */; };
		E9D12C1D2AAB5F0A00FEAD95 /* interfaces.swift in Sources */ = {isa = PBXBuildFile; fileRef = E9D12C1C2AAB5F0A00FEAD95 /* interfaces.swift */; };
		E9D12C1F2AAB61D200FEAD95 /* data.json in Resources */ = {isa = PBXBuildFile; fileRef = E9D12C1E2AAB61D200FEAD95 /* data.json */; };
/* End PBXBuildFile section */

/* Begin PBXFileReference section */
		E94BC7E42AA9B3AB00F29DB3 /* TrainingMulti.app */ = {isa = PBXFileReference; explicitFileType = wrapper.application; includeInIndex = 0; path = TrainingMulti.app; sourceTree = BUILT_PRODUCTS_DIR; };
		E94BC7EB2AA9B3AC00F29DB3 /* Assets.xcassets */ = {isa = PBXFileReference; lastKnownFileType = folder.assetcatalog; path = Assets.xcassets; sourceTree = "<group>"; };
		E94BC7ED2AA9B3AC00F29DB3 /* TrainingMulti.entitlements */ = {isa = PBXFileReference; lastKnownFileType = text.plist.entitlements; path = TrainingMulti.entitlements; sourceTree = "<group>"; };
		E94BC7EF2AA9B3AC00F29DB3 /* Preview Assets.xcassets */ = {isa = PBXFileReference; lastKnownFileType = folder.assetcatalog; path = "Preview Assets.xcassets"; sourceTree = "<group>"; };
		E95D01042AAAF64D0061E962 /* ModelData.swift */ = {isa = PBXFileReference; fileEncoding = 4; lastKnownFileType = sourcecode.swift; path = ModelData.swift; sourceTree = "<group>"; };
		E95D01082AAAF6A30061E962 /* ExerciseEditor.swift */ = {isa = PBXFileReference; fileEncoding = 4; lastKnownFileType = sourcecode.swift; path = ExerciseEditor.swift; sourceTree = "<group>"; };
		E95D01092AAAF6A30061E962 /* JornalUIView.swift */ = {isa = PBXFileReference; fileEncoding = 4; lastKnownFileType = sourcecode.swift; path = JornalUIView.swift; sourceTree = "<group>"; };
		E95D010A2AAAF6A30061E962 /* ExerciseList.swift */ = {isa = PBXFileReference; fileEncoding = 4; lastKnownFileType = sourcecode.swift; path = ExerciseList.swift; sourceTree = "<group>"; };
		E95D010B2AAAF6A30061E962 /* TrainingApp.swift */ = {isa = PBXFileReference; fileEncoding = 4; lastKnownFileType = sourcecode.swift; path = TrainingApp.swift; sourceTree = "<group>"; };
		E95D01122AAAF6DC0061E962 /* SetView.swift */ = {isa = PBXFileReference; fileEncoding = 4; lastKnownFileType = sourcecode.swift; path = SetView.swift; sourceTree = "<group>"; };
		E95D01192AAAF8E30061E962 /* ContentView.swift */ = {isa = PBXFileReference; lastKnownFileType = sourcecode.swift; name = ContentView.swift; path = ../../Training/Training/ContentView.swift; sourceTree = "<group>"; };
		E96782112AB02F7B00F71D3A /* ModelHelper.swift */ = {isa = PBXFileReference; lastKnownFileType = sourcecode.swift; path = ModelHelper.swift; sourceTree = "<group>"; };
		E97C694E2AAC66B400AD16F1 /* ChartView.swift */ = {isa = PBXFileReference; lastKnownFileType = sourcecode.swift; path = ChartView.swift; sourceTree = "<group>"; };
		E98988CA2AADE34600D9A1AE /* Info.plist */ = {isa = PBXFileReference; lastKnownFileType = text.plist; path = Info.plist; sourceTree = "<group>"; };
		E98988CB2AADE59500D9A1AE /* TrainingMultiDebug.entitlements */ = {isa = PBXFileReference; lastKnownFileType = text.plist.entitlements; path = TrainingMultiDebug.entitlements; sourceTree = "<group>"; };
		E98988CC2AAE142D00D9A1AE /* ChartControler.swift */ = {isa = PBXFileReference; lastKnownFileType = sourcecode.swift; path = ChartControler.swift; sourceTree = "<group>"; };
		E9D12C1C2AAB5F0A00FEAD95 /* interfaces.swift */ = {isa = PBXFileReference; fileEncoding = 4; lastKnownFileType = sourcecode.swift; name = interfaces.swift; path = ../../Training/Training/Modal/interfaces.swift; sourceTree = "<group>"; };
		E9D12C1E2AAB61D200FEAD95 /* data.json */ = {isa = PBXFileReference; fileEncoding = 4; lastKnownFileType = text.json; path = data.json; sourceTree = "<group>"; };
/* End PBXFileReference section */

/* Begin PBXFrameworksBuildPhase section */
		E94BC7E12AA9B3AB00F29DB3 /* Frameworks */ = {
			isa = PBXFrameworksBuildPhase;
			buildActionMask = 2147483647;
			files = (
			);
			runOnlyForDeploymentPostprocessing = 0;
		};
/* End PBXFrameworksBuildPhase section */

/* Begin PBXGroup section */
		E94BC7DB2AA9B3AB00F29DB3 = {
			isa = PBXGroup;
			children = (
				E98988CC2AAE142D00D9A1AE /* ChartControler.swift */,
				E95D01152AAAF8BD0061E962 /* View */,
				E94BC8042AA9B5AD00F29DB3 /* Helper */,
				E95D01022AAAF64D0061E962 /* Modal */,
				E94BC7E62AA9B3AB00F29DB3 /* TrainingMulti */,
				E94BC7E52AA9B3AB00F29DB3 /* Products */,
			);
			sourceTree = "<group>";
		};
		E94BC7E52AA9B3AB00F29DB3 /* Products */ = {
			isa = PBXGroup;
			children = (
				E94BC7E42AA9B3AB00F29DB3 /* TrainingMulti.app */,
			);
			name = Products;
			sourceTree = "<group>";
		};
		E94BC7E62AA9B3AB00F29DB3 /* TrainingMulti */ = {
			isa = PBXGroup;
			children = (
				E98988CB2AADE59500D9A1AE /* TrainingMultiDebug.entitlements */,
				E98988CA2AADE34600D9A1AE /* Info.plist */,
				E94BC7EB2AA9B3AC00F29DB3 /* Assets.xcassets */,
				E94BC7ED2AA9B3AC00F29DB3 /* TrainingMulti.entitlements */,
				E94BC7EE2AA9B3AC00F29DB3 /* Preview Content */,
			);
			path = TrainingMulti;
			sourceTree = "<group>";
		};
		E94BC7EE2AA9B3AC00F29DB3 /* Preview Content */ = {
			isa = PBXGroup;
			children = (
				E94BC7EF2AA9B3AC00F29DB3 /* Preview Assets.xcassets */,
			);
			path = "Preview Content";
			sourceTree = "<group>";
		};
		E94BC8042AA9B5AD00F29DB3 /* Helper */ = {
			isa = PBXGroup;
			children = (
				E95D01122AAAF6DC0061E962 /* SetView.swift */,
				E97C694E2AAC66B400AD16F1 /* ChartView.swift */,
			);
			path = Helper;
			sourceTree = "<group>";
		};
		E95D01022AAAF64D0061E962 /* Modal */ = {
			isa = PBXGroup;
			children = (
				E9D12C1C2AAB5F0A00FEAD95 /* interfaces.swift */,
				E95D01042AAAF64D0061E962 /* ModelData.swift */,
				E9D12C1E2AAB61D200FEAD95 /* data.json */,
				E96782112AB02F7B00F71D3A /* ModelHelper.swift */,
			);
			path = Modal;
			sourceTree = "<group>";
		};
		E95D01152AAAF8BD0061E962 /* View */ = {
			isa = PBXGroup;
			children = (
				E95D010B2AAAF6A30061E962 /* TrainingApp.swift */,
				E95D01192AAAF8E30061E962 /* ContentView.swift */,
				E95D01092AAAF6A30061E962 /* JornalUIView.swift */,
				E95D010A2AAAF6A30061E962 /* ExerciseList.swift */,
				E95D01082AAAF6A30061E962 /* ExerciseEditor.swift */,
			);
			path = View;
			sourceTree = "<group>";
		};
/* End PBXGroup section */

/* Begin PBXNativeTarget section */
		E94BC7E32AA9B3AB00F29DB3 /* TrainingMulti */ = {
			isa = PBXNativeTarget;
			buildConfigurationList = E94BC7F32AA9B3AC00F29DB3 /* Build configuration list for PBXNativeTarget "TrainingMulti" */;
			buildPhases = (
				E94BC7E02AA9B3AB00F29DB3 /* Sources */,
				E94BC7E12AA9B3AB00F29DB3 /* Frameworks */,
				E94BC7E22AA9B3AB00F29DB3 /* Resources */,
			);
			buildRules = (
			);
			dependencies = (
			);
			name = TrainingMulti;
			productName = TrainingMulti;
			productReference = E94BC7E42AA9B3AB00F29DB3 /* TrainingMulti.app */;
			productType = "com.apple.product-type.application";
		};
/* End PBXNativeTarget section */

/* Begin PBXProject section */
		E94BC7DC2AA9B3AB00F29DB3 /* Project object */ = {
			isa = PBXProject;
			attributes = {
				BuildIndependentTargetsInParallel = 1;
				LastSwiftUpdateCheck = 1500;
				LastUpgradeCheck = 1500;
				TargetAttributes = {
					E94BC7E32AA9B3AB00F29DB3 = {
						CreatedOnToolsVersion = 15.0;
					};
				};
			};
			buildConfigurationList = E94BC7DF2AA9B3AB00F29DB3 /* Build configuration list for PBXProject "TrainingMulti" */;
			compatibilityVersion = "Xcode 14.0";
			developmentRegion = en;
			hasScannedForEncodings = 0;
			knownRegions = (
				en,
				Base,
			);
			mainGroup = E94BC7DB2AA9B3AB00F29DB3;
			productRefGroup = E94BC7E52AA9B3AB00F29DB3 /* Products */;
			projectDirPath = "";
			projectRoot = "";
			targets = (
				E94BC7E32AA9B3AB00F29DB3 /* TrainingMulti */,
			);
		};
/* End PBXProject section */

/* Begin PBXResourcesBuildPhase section */
		E94BC7E22AA9B3AB00F29DB3 /* Resources */ = {
			isa = PBXResourcesBuildPhase;
			buildActionMask = 2147483647;
			files = (
				E94BC7F02AA9B3AC00F29DB3 /* Preview Assets.xcassets in Resources */,
				E9D12C1F2AAB61D200FEAD95 /* data.json in Resources */,
				E94BC7EC2AA9B3AC00F29DB3 /* Assets.xcassets in Resources */,
			);
			runOnlyForDeploymentPostprocessing = 0;
		};
/* End PBXResourcesBuildPhase section */

/* Begin PBXSourcesBuildPhase section */
		E94BC7E02AA9B3AB00F29DB3 /* Sources */ = {
			isa = PBXSourcesBuildPhase;
			buildActionMask = 2147483647;
			files = (
				E95D01102AAAF6A30061E962 /* TrainingApp.swift in Sources */,
				E95D01142AAAF6DC0061E962 /* SetView.swift in Sources */,
				E97C694F2AAC66B400AD16F1 /* ChartView.swift in Sources */,
				E95D010E2AAAF6A30061E962 /* JornalUIView.swift in Sources */,
				E95D010F2AAAF6A30061E962 /* ExerciseList.swift in Sources */,
				E98988CD2AAE142D00D9A1AE /* ChartControler.swift in Sources */,
				E9D12C1D2AAB5F0A00FEAD95 /* interfaces.swift in Sources */,
				E95D011A2AAAF8E30061E962 /* ContentView.swift in Sources */,
				E96782122AB02F7B00F71D3A /* ModelHelper.swift in Sources */,
				E95D010D2AAAF6A30061E962 /* ExerciseEditor.swift in Sources */,
				E95D01062AAAF64D0061E962 /* ModelData.swift in Sources */,
			);
			runOnlyForDeploymentPostprocessing = 0;
		};
/* End PBXSourcesBuildPhase section */

/* Begin XCBuildConfiguration section */
		E94BC7F12AA9B3AC00F29DB3 /* Debug */ = {
			isa = XCBuildConfiguration;
			buildSettings = {
				ALWAYS_SEARCH_USER_PATHS = NO;
				ASSETCATALOG_COMPILER_GENERATE_SWIFT_ASSET_SYMBOL_EXTENSIONS = YES;
				CLANG_ANALYZER_NONNULL = YES;
				CLANG_ANALYZER_NUMBER_OBJECT_CONVERSION = YES_AGGRESSIVE;
				CLANG_CXX_LANGUAGE_STANDARD = "gnu++20";
				CLANG_ENABLE_MODULES = YES;
				CLANG_ENABLE_OBJC_ARC = YES;
				CLANG_ENABLE_OBJC_WEAK = YES;
				CLANG_WARN_BLOCK_CAPTURE_AUTORELEASING = YES;
				CLANG_WARN_BOOL_CONVERSION = YES;
				CLANG_WARN_COMMA = YES;
				CLANG_WARN_CONSTANT_CONVERSION = YES;
				CLANG_WARN_DEPRECATED_OBJC_IMPLEMENTATIONS = YES;
				CLANG_WARN_DIRECT_OBJC_ISA_USAGE = YES_ERROR;
				CLANG_WARN_DOCUMENTATION_COMMENTS = YES;
				CLANG_WARN_EMPTY_BODY = YES;
				CLANG_WARN_ENUM_CONVERSION = YES;
				CLANG_WARN_INFINITE_RECURSION = YES;
				CLANG_WARN_INT_CONVERSION = YES;
				CLANG_WARN_NON_LITERAL_NULL_CONVERSION = YES;
				CLANG_WARN_OBJC_IMPLICIT_RETAIN_SELF = YES;
				CLANG_WARN_OBJC_LITERAL_CONVERSION = YES;
				CLANG_WARN_OBJC_ROOT_CLASS = YES_ERROR;
				CLANG_WARN_QUOTED_INCLUDE_IN_FRAMEWORK_HEADER = YES;
				CLANG_WARN_RANGE_LOOP_ANALYSIS = YES;
				CLANG_WARN_STRICT_PROTOTYPES = YES;
				CLANG_WARN_SUSPICIOUS_MOVE = YES;
				CLANG_WARN_UNGUARDED_AVAILABILITY = YES_AGGRESSIVE;
				CLANG_WARN_UNREACHABLE_CODE = YES;
				CLANG_WARN__DUPLICATE_METHOD_MATCH = YES;
				COPY_PHASE_STRIP = NO;
				DEBUG_INFORMATION_FORMAT = dwarf;
				ENABLE_STRICT_OBJC_MSGSEND = YES;
				ENABLE_TESTABILITY = YES;
				ENABLE_USER_SCRIPT_SANDBOXING = YES;
				GCC_C_LANGUAGE_STANDARD = gnu17;
				GCC_DYNAMIC_NO_PIC = NO;
				GCC_NO_COMMON_BLOCKS = YES;
				GCC_OPTIMIZATION_LEVEL = 0;
				GCC_PREPROCESSOR_DEFINITIONS = (
					"DEBUG=1",
					"$(inherited)",
				);
				GCC_WARN_64_TO_32_BIT_CONVERSION = YES;
				GCC_WARN_ABOUT_RETURN_TYPE = YES_ERROR;
				GCC_WARN_UNDECLARED_SELECTOR = YES;
				GCC_WARN_UNINITIALIZED_AUTOS = YES_AGGRESSIVE;
				GCC_WARN_UNUSED_FUNCTION = YES;
				GCC_WARN_UNUSED_VARIABLE = YES;
				LOCALIZATION_PREFERS_STRING_CATALOGS = YES;
				MTL_ENABLE_DEBUG_INFO = INCLUDE_SOURCE;
				MTL_FAST_MATH = YES;
				ONLY_ACTIVE_ARCH = YES;
				SWIFT_ACTIVE_COMPILATION_CONDITIONS = "DEBUG $(inherited)";
				SWIFT_OPTIMIZATION_LEVEL = "-Onone";
			};
			name = Debug;
		};
		E94BC7F22AA9B3AC00F29DB3 /* Release */ = {
			isa = XCBuildConfiguration;
			buildSettings = {
				ALWAYS_SEARCH_USER_PATHS = NO;
				ASSETCATALOG_COMPILER_GENERATE_SWIFT_ASSET_SYMBOL_EXTENSIONS = YES;
				CLANG_ANALYZER_NONNULL = YES;
				CLANG_ANALYZER_NUMBER_OBJECT_CONVERSION = YES_AGGRESSIVE;
				CLANG_CXX_LANGUAGE_STANDARD = "gnu++20";
				CLANG_ENABLE_MODULES = YES;
				CLANG_ENABLE_OBJC_ARC = YES;
				CLANG_ENABLE_OBJC_WEAK = YES;
				CLANG_WARN_BLOCK_CAPTURE_AUTORELEASING = YES;
				CLANG_WARN_BOOL_CONVERSION = YES;
				CLANG_WARN_COMMA = YES;
				CLANG_WARN_CONSTANT_CONVERSION = YES;
				CLANG_WARN_DEPRECATED_OBJC_IMPLEMENTATIONS = YES;
				CLANG_WARN_DIRECT_OBJC_ISA_USAGE = YES_ERROR;
				CLANG_WARN_DOCUMENTATION_COMMENTS = YES;
				CLANG_WARN_EMPTY_BODY = YES;
				CLANG_WARN_ENUM_CONVERSION = YES;
				CLANG_WARN_INFINITE_RECURSION = YES;
				CLANG_WARN_INT_CONVERSION = YES;
				CLANG_WARN_NON_LITERAL_NULL_CONVERSION = YES;
				CLANG_WARN_OBJC_IMPLICIT_RETAIN_SELF = YES;
				CLANG_WARN_OBJC_LITERAL_CONVERSION = YES;
				CLANG_WARN_OBJC_ROOT_CLASS = YES_ERROR;
				CLANG_WARN_QUOTED_INCLUDE_IN_FRAMEWORK_HEADER = YES;
				CLANG_WARN_RANGE_LOOP_ANALYSIS = YES;
				CLANG_WARN_STRICT_PROTOTYPES = YES;
				CLANG_WARN_SUSPICIOUS_MOVE = YES;
				CLANG_WARN_UNGUARDED_AVAILABILITY = YES_AGGRESSIVE;
				CLANG_WARN_UNREACHABLE_CODE = YES;
				CLANG_WARN__DUPLICATE_METHOD_MATCH = YES;
				COPY_PHASE_STRIP = NO;
				DEBUG_INFORMATION_FORMAT = "dwarf-with-dsym";
				ENABLE_NS_ASSERTIONS = NO;
				ENABLE_STRICT_OBJC_MSGSEND = YES;
				ENABLE_USER_SCRIPT_SANDBOXING = YES;
				GCC_C_LANGUAGE_STANDARD = gnu17;
				GCC_NO_COMMON_BLOCKS = YES;
				GCC_WARN_64_TO_32_BIT_CONVERSION = YES;
				GCC_WARN_ABOUT_RETURN_TYPE = YES_ERROR;
				GCC_WARN_UNDECLARED_SELECTOR = YES;
				GCC_WARN_UNINITIALIZED_AUTOS = YES_AGGRESSIVE;
				GCC_WARN_UNUSED_FUNCTION = YES;
				GCC_WARN_UNUSED_VARIABLE = YES;
				LOCALIZATION_PREFERS_STRING_CATALOGS = YES;
				MTL_ENABLE_DEBUG_INFO = NO;
				MTL_FAST_MATH = YES;
				SWIFT_COMPILATION_MODE = wholemodule;
			};
			name = Release;
		};
		E94BC7F42AA9B3AC00F29DB3 /* Debug */ = {
			isa = XCBuildConfiguration;
			buildSettings = {
				ASSETCATALOG_COMPILER_APPICON_NAME = AppIcon;
				ASSETCATALOG_COMPILER_GLOBAL_ACCENT_COLOR_NAME = AccentColor;
				CODE_SIGN_ENTITLEMENTS = TrainingMulti/TrainingMultiDebug.entitlements;
				"CODE_SIGN_IDENTITY[sdk=macosx*]" = "-";
				CODE_SIGN_STYLE = Automatic;
				CURRENT_PROJECT_VERSION = 1;
				DEVELOPMENT_ASSET_PATHS = "\"TrainingMulti/Preview Content\"";
				DEVELOPMENT_TEAM = 27F6M8X5QP;
				ENABLE_HARDENED_RUNTIME = YES;
				ENABLE_PREVIEWS = YES;
				GENERATE_INFOPLIST_FILE = YES;
				INFOPLIST_FILE = TrainingMulti/Info.plist;
				"INFOPLIST_KEY_UIApplicationSceneManifest_Generation[sdk=iphoneos*]" = YES;
				"INFOPLIST_KEY_UIApplicationSceneManifest_Generation[sdk=iphonesimulator*]" = YES;
				"INFOPLIST_KEY_UIApplicationSupportsIndirectInputEvents[sdk=iphoneos*]" = YES;
				"INFOPLIST_KEY_UIApplicationSupportsIndirectInputEvents[sdk=iphonesimulator*]" = YES;
				"INFOPLIST_KEY_UILaunchScreen_Generation[sdk=iphoneos*]" = YES;
				"INFOPLIST_KEY_UILaunchScreen_Generation[sdk=iphonesimulator*]" = YES;
				"INFOPLIST_KEY_UIStatusBarStyle[sdk=iphoneos*]" = UIStatusBarStyleDefault;
				"INFOPLIST_KEY_UIStatusBarStyle[sdk=iphonesimulator*]" = UIStatusBarStyleDefault;
				INFOPLIST_KEY_UISupportedInterfaceOrientations_iPad = "UIInterfaceOrientationPortrait UIInterfaceOrientationPortraitUpsideDown UIInterfaceOrientationLandscapeLeft UIInterfaceOrientationLandscapeRight";
				INFOPLIST_KEY_UISupportedInterfaceOrientations_iPhone = "UIInterfaceOrientationPortrait UIInterfaceOrientationLandscapeLeft UIInterfaceOrientationLandscapeRight";
				IPHONEOS_DEPLOYMENT_TARGET = 17.0;
				LD_RUNPATH_SEARCH_PATHS = "@executable_path/Frameworks";
				"LD_RUNPATH_SEARCH_PATHS[sdk=macosx*]" = "@executable_path/../Frameworks";
				MACOSX_DEPLOYMENT_TARGET = 14.0;
				MARKETING_VERSION = 1.0;
				PRODUCT_BUNDLE_IDENTIFIER = tt.TrainingMulti;
				PRODUCT_NAME = "$(TARGET_NAME)";
				SDKROOT = auto;
				SUPPORTED_PLATFORMS = "iphoneos iphonesimulator macosx";
				SWIFT_EMIT_LOC_STRINGS = YES;
				SWIFT_VERSION = 5.0;
				TARGETED_DEVICE_FAMILY = "1,2";
			};
			name = Debug;
		};
		E94BC7F52AA9B3AC00F29DB3 /* Release */ = {
			isa = XCBuildConfiguration;
			buildSettings = {
				ASSETCATALOG_COMPILER_APPICON_NAME = AppIcon;
				ASSETCATALOG_COMPILER_GLOBAL_ACCENT_COLOR_NAME = AccentColor;
				CODE_SIGN_ENTITLEMENTS = TrainingMulti/TrainingMulti.entitlements;
				"CODE_SIGN_IDENTITY[sdk=macosx*]" = "-";
				CODE_SIGN_STYLE = Automatic;
				CURRENT_PROJECT_VERSION = 1;
				DEVELOPMENT_ASSET_PATHS = "\"TrainingMulti/Preview Content\"";
				DEVELOPMENT_TEAM = 27F6M8X5QP;
				ENABLE_HARDENED_RUNTIME = YES;
				ENABLE_PREVIEWS = YES;
				GENERATE_INFOPLIST_FILE = YES;
				INFOPLIST_FILE = TrainingMulti/Info.plist;
				"INFOPLIST_KEY_UIApplicationSceneManifest_Generation[sdk=iphoneos*]" = YES;
				"INFOPLIST_KEY_UIApplicationSceneManifest_Generation[sdk=iphonesimulator*]" = YES;
				"INFOPLIST_KEY_UIApplicationSupportsIndirectInputEvents[sdk=iphoneos*]" = YES;
				"INFOPLIST_KEY_UIApplicationSupportsIndirectInputEvents[sdk=iphonesimulator*]" = YES;
				"INFOPLIST_KEY_UILaunchScreen_Generation[sdk=iphoneos*]" = YES;
				"INFOPLIST_KEY_UILaunchScreen_Generation[sdk=iphonesimulator*]" = YES;
				"INFOPLIST_KEY_UIStatusBarStyle[sdk=iphoneos*]" = UIStatusBarStyleDefault;
				"INFOPLIST_KEY_UIStatusBarStyle[sdk=iphonesimulator*]" = UIStatusBarStyleDefault;
				INFOPLIST_KEY_UISupportedInterfaceOrientations_iPad = "UIInterfaceOrientationPortrait UIInterfaceOrientationPortraitUpsideDown UIInterfaceOrientationLandscapeLeft UIInterfaceOrientationLandscapeRight";
				INFOPLIST_KEY_UISupportedInterfaceOrientations_iPhone = "UIInterfaceOrientationPortrait UIInterfaceOrientationLandscapeLeft UIInterfaceOrientationLandscapeRight";
				IPHONEOS_DEPLOYMENT_TARGET = 17.0;
				LD_RUNPATH_SEARCH_PATHS = "@executable_path/Frameworks";
				"LD_RUNPATH_SEARCH_PATHS[sdk=macosx*]" = "@executable_path/../Frameworks";
				MACOSX_DEPLOYMENT_TARGET = 14.0;
				MARKETING_VERSION = 1.0;
				PRODUCT_BUNDLE_IDENTIFIER = tt.TrainingMulti;
				PRODUCT_NAME = "$(TARGET_NAME)";
				SDKROOT = auto;
				SUPPORTED_PLATFORMS = "iphoneos iphonesimulator macosx";
				SWIFT_EMIT_LOC_STRINGS = YES;
				SWIFT_VERSION = 5.0;
				TARGETED_DEVICE_FAMILY = "1,2";
			};
			name = Release;
		};
/* End XCBuildConfiguration section */

/* Begin XCConfigurationList section */
		E94BC7DF2AA9B3AB00F29DB3 /* Build configuration list for PBXProject "TrainingMulti" */ = {
			isa = XCConfigurationList;
			buildConfigurations = (
				E94BC7F12AA9B3AC00F29DB3 /* Debug */,
				E94BC7F22AA9B3AC00F29DB3 /* Release */,
			);
			defaultConfigurationIsVisible = 0;
			defaultConfigurationName = Release;
		};
		E94BC7F32AA9B3AC00F29DB3 /* Build configuration list for PBXNativeTarget "TrainingMulti" */ = {
			isa = XCConfigurationList;
			buildConfigurations = (
				E94BC7F42AA9B3AC00F29DB3 /* Debug */,
				E94BC7F52AA9B3AC00F29DB3 /* Release */,
			);
			defaultConfigurationIsVisible = 0;
			defaultConfigurationName = Release;
		};
/* End XCConfigurationList section */
	};
	rootObject = E94BC7DC2AA9B3AB00F29DB3 /* Project object */;
}
